# This file is automatically @generated by Cargo.
# It is not intended for manual editing.
version = 4

[[package]]
name = "example"
version = "0.1.0"
dependencies = [
 "gfx",
 "glm",
]

[[package]]
name = "gfx"
version = "0.1.0"
dependencies = [
 "glm",
 "stbi",
]

[[package]]
name = "glm"
version = "0.1.0"

[[package]]
name = "stbi"
version = "0.1.0"
