# This file is automatically @generated by Cargo.
# It is not intended for manual editing.
version = 4

[[package]]
name = "gfx"
version = "0.1.0"
dependencies = [
 "glm",
]

[[package]]
name = "glm"
version = "0.1.0"
source = "git+https://github.com/tavispalmer/glm-rs.git#e0201a497189352820317cd3ff1a36dc981f7ff2"
